PODS:
  - Flutter (1.0.0)
  - image_picker (0.0.1):
    - Flutter
  - pay_ios (0.0.1):
    - Flutter
  - shared_preferences_foundation (0.0.1):
    - Flutter
    - FlutterMacOS
  - webview_flutter_wkwebview (0.0.1):
    - Flutter
  - webview_flutter_x5 (0.0.1):
    - Flutter

DEPENDENCIES:
  - Flutter (from `Flutter`)
  - image_picker (from `.symlinks/plugins/image_picker/ios`)
  - pay_ios (from `.symlinks/plugins/pay_ios/ios`)
  - shared_preferences_foundation (from `.symlinks/plugins/shared_preferences_foundation/ios`)
  - webview_flutter_wkwebview (from `.symlinks/plugins/webview_flutter_wkwebview/ios`)
  - webview_flutter_x5 (from `.symlinks/plugins/webview_flutter_x5/ios`)

EXTERNAL SOURCES:
  Flutter:
    :path: Flutter
  image_picker:
    :path: ".symlinks/plugins/image_picker/ios"
  pay_ios:
    :path: ".symlinks/plugins/pay_ios/ios"
  shared_preferences_foundation:
    :path: ".symlinks/plugins/shared_preferences_foundation/ios"
  webview_flutter_wkwebview:
    :path: ".symlinks/plugins/webview_flutter_wkwebview/ios"
  webview_flutter_x5:
    :path: ".symlinks/plugins/webview_flutter_x5/ios"

SPEC CHECKSUMS:
  Flutter: f04841e97a9d0b0a8025694d0796dd46242b2854
  image_picker: 9aa50e1d8cdacdbed739e925b7eea16d014367e6
  pay_ios: 8c7beb9c61d885f3f51b61f75f8793023fc8843a
  shared_preferences_foundation: 986fc17f3d3251412d18b0265f9c64113a8c2472
  webview_flutter_wkwebview: b7e70ef1ddded7e69c796c7390ee74180182971f
  webview_flutter_x5: 9b67e44baea7637ef21379fe581773f0c2e08b44

PODFILE CHECKSUM: ef19549a9bc3046e7bb7d2fab4d021637c0c58a3

COCOAPODS: 1.11.3
